<?xml version="1.0" encoding="utf-8"?>
<Project ToolsVersion="4.0" xmlns="http://schemas.microsoft.com/developer/msbuild/2003">
  <ItemGroup>
    <ClInclude Include="Utility\FileConstants.h" />
    <ClInclude Include="Utility\FileManager.h" />
    <ClInclude Include="Wheels\WheelManager.h" />
    <ClInclude Include="Wheels\Dictionary.h" />
    <ClInclude Include="Utility\UtilityFunctions.h" />
    <ClInclude Include="Utility\CommonTypes.h" />
  </ItemGroup>
  <ItemGroup>
    <ClCompile Include="Utility\FileManager.cpp" />
    <ClCompile Include="Wheels\WheelManager.cpp" />
    <ClCompile Include="Wheels\Dictionary.cpp" />
    <ClCompile Include="Utility\UtilityFunctions.cpp" />
  </ItemGroup>
</Project>